
Microsoft Visual Studio Solution File, Format Version 12.00
# Visual Studio 15
VisualStudioVersion = 15.0.26730.15
MinimumVisualStudioVersion = 10.0.40219.1
Project("{FAE04EC0-301F-11D3-BF4B-00C04F79EFBC}") = "Obmen_wpf", "Obmen_wpf\Obmen_wpf.csproj", "{3970F944-E142-49A8-9779-67CBD362D6A5}"
EndProject
Project("{FAE04EC0-301F-11D3-BF4B-00C04F79EFBC}") = "Testing", "Testing\Testing.csproj", "{A62F1527-399B-4C67-A8BB-0804E5D7C9BD}"
EndProject
Global
	GlobalSection(SolutionConfigurationPlatforms) = preSolution
		Debug|Any CPU = Debug|Any CPU
		Release|Any CPU = Release|Any CPU
	EndGlobalSection
	GlobalSection(ProjectConfigurationPlatforms) = postSolution
		{3970F944-E142-49A8-9779-67CBD362D6A5}.Debug|Any CPU.ActiveCfg = Debug|Any CPU
		{3970F944-E142-49A8-9779-67CBD362D6A5}.Debug|Any CPU.Build.0 = Debug|Any CPU
		{3970F944-E142-49A8-9779-67CBD362D6A5}.Release|Any CPU.ActiveCfg = Release|Any CPU
		{3970F944-E142-49A8-9779-67CBD362D6A5}.Release|Any CPU.Build.0 = Release|Any CPU
		{A62F1527-399B-4C67-A8BB-0804E5D7C9BD}.Debug|Any CPU.ActiveCfg = Debug|Any CPU
		{A62F1527-399B-4C67-A8BB-0804E5D7C9BD}.Debug|Any CPU.Build.0 = Debug|Any CPU
		{A62F1527-399B-4C67-A8BB-0804E5D7C9BD}.Release|Any CPU.ActiveCfg = Release|Any CPU
		{A62F1527-399B-4C67-A8BB-0804E5D7C9BD}.Release|Any CPU.Build.0 = Release|Any CPU
	EndGlobalSection
	GlobalSection(SolutionProperties) = preSolution
		HideSolutionNode = FALSE
	EndGlobalSection
	GlobalSection(ExtensibilityGlobals) = postSolution
		SolutionGuid = {F83091E9-5221-4BB3-A28D-E8ED792BBA91}
	EndGlobalSection
EndGlobal
